# THIS IS AN AUTOGENERATED FILE. DO NOT EDIT THIS FILE DIRECTLY.
# yarn lockfile v1


core-js@^2.6.5:
  version "2.6.11"
  resolved "https://registry.yarnpkg.com/core-js/-/core-js-2.6.11.tgz#38831469f9922bded8ee21c9dc46985e0399308c"
  integrity sha512-5wjnpaT/3dV+XB4borEsnAYQchn00XSgTAWKDkEqv+K8KevjbzmofK6hfJ9TZIlpj2N0xQpazy7PiRQiWHqzWg==

nuxt-vue-multiselect@^1.0.4:
  version "1.0.4"
  resolved "https://registry.yarnpkg.com/nuxt-vue-multiselect/-/nuxt-vue-multiselect-1.0.4.tgz#7a53ee3afa00040bbf8c23f0fb88ec72911079ea"
  integrity sha512-xfm9upHmxd5ZDNSEpT0ZOAtSqJackO6LEos+deNMZ3Bxh+mg4Oz6cTX9niwKnHk0J6EqMjFsGjsq8JihxoLhWQ==
  dependencies:
    core-js "^2.6.5"
    vue-multiselect "^2.1.6"

vue-multiselect@^2.1.6:
  version "2.1.6"
  resolved "https://registry.yarnpkg.com/vue-multiselect/-/vue-multiselect-2.1.6.tgz#5be5d811a224804a15c43a4edbb7485028a89c7f"
  integrity sha512-s7jmZPlm9FeueJg1RwJtnE9KNPtME/7C8uRWSfp9/yEN4M8XcS/d+bddoyVwVnvFyRh9msFo0HWeW0vTL8Qv+w==
